
Microsoft Visual Studio Solution File, Format Version 12.00
# Visual Studio Version 17
VisualStudioVersion = 17.13.35919.96 d17.13
MinimumVisualStudioVersion = 10.0.40219.1
Project("{FAE04EC0-301F-11D3-BF4B-00C04F79EFBC}") = "Dungeon RPG", "Dungeon RPG\Dungeon RPG.csproj", "{1794699B-8CC0-46ED-B0EB-6B28B65D41B8}"
EndProject
Global
	GlobalSection(SolutionConfigurationPlatforms) = preSolution
		Debug|Any CPU = Debug|Any CPU
		Release|Any CPU = Release|Any CPU
	EndGlobalSection
	GlobalSection(ProjectConfigurationPlatforms) = postSolution
		{1794699B-8CC0-46ED-B0EB-6B28B65D41B8}.Debug|Any CPU.ActiveCfg = Debug|Any CPU
		{1794699B-8CC0-46ED-B0EB-6B28B65D41B8}.Debug|Any CPU.Build.0 = Debug|Any CPU
		{1794699B-8CC0-46ED-B0EB-6B28B65D41B8}.Release|Any CPU.ActiveCfg = Release|Any CPU
		{1794699B-8CC0-46ED-B0EB-6B28B65D41B8}.Release|Any CPU.Build.0 = Release|Any CPU
	EndGlobalSection
	GlobalSection(SolutionProperties) = preSolution
		HideSolutionNode = FALSE
	EndGlobalSection
	GlobalSection(ExtensibilityGlobals) = postSolution
		SolutionGuid = {2837058D-3F4E-4361-A9D9-2EAD4516A56A}
	EndGlobalSection
EndGlobal
